{
  "originHash" : "f15af27a5e220cd9ea6e3b2921f94b6ecf3e4a4a6dd54668b375da476cd8f321",
  "pins" : [
    {
      "identity" : "flyingfox",
      "kind" : "remoteSourceControl",
      "location" : "https://github.com/swhitty/FlyingFox",
      "state" : {
        "revision" : "de38230104cf63ef4843cb569ba11c13f8165685",
        "version" : "0.26.2"
      }
    },
    {
      "identity" : "ghostlayer",
      "kind" : "remoteSourceControl",
      "location" : "https://github.com/sevenautumns/GhostLayer",
      "state" : {
        "revision" : "518c45d90fcf926c9b8e7dbecaf9c5546c09ff97",
        "version" : "0.2.0"
      }
    }
  ],
  "version" : 3
}
